
Microsoft Visual Studio Solution File, Format Version 12.00
# Visual Studio Version 16
VisualStudioVersion = 16.0.31729.503
MinimumVisualStudioVersion = 10.0.40219.1
Project("{FAE04EC0-301F-11D3-BF4B-00C04F79EFBC}") = "RB4InstrumentMapper", "RB4InstrumentMapper.csproj", "{93041197-1E1B-4084-B1DD-C8363A588C48}"
EndProject
Global
	GlobalSection(SolutionConfigurationPlatforms) = preSolution
		Debug|Any CPU = Debug|Any CPU
		Debug|x64 = Debug|x64
		Release|Any CPU = Release|Any CPU
		Release|x64 = Release|x64
	EndGlobalSection
	GlobalSection(ProjectConfigurationPlatforms) = postSolution
		{93041197-1E1B-4084-B1DD-C8363A588C48}.Debug|Any CPU.ActiveCfg = Debug|Any CPU
		{93041197-1E1B-4084-B1DD-C8363A588C48}.Debug|Any CPU.Build.0 = Debug|Any CPU
		{93041197-1E1B-4084-B1DD-C8363A588C48}.Debug|x64.ActiveCfg = Debug|x64
		{93041197-1E1B-4084-B1DD-C8363A588C48}.Debug|x64.Build.0 = Debug|x64
		{93041197-1E1B-4084-B1DD-C8363A588C48}.Release|Any CPU.ActiveCfg = Release|Any CPU
		{93041197-1E1B-4084-B1DD-C8363A588C48}.Release|Any CPU.Build.0 = Release|Any CPU
		{93041197-1E1B-4084-B1DD-C8363A588C48}.Release|x64.ActiveCfg = Release|x64
		{93041197-1E1B-4084-B1DD-C8363A588C48}.Release|x64.Build.0 = Release|x64
	EndGlobalSection
	GlobalSection(SolutionProperties) = preSolution
		HideSolutionNode = FALSE
	EndGlobalSection
	GlobalSection(ExtensibilityGlobals) = postSolution
		SolutionGuid = {77A2083E-D297-4C3D-91F3-481C8A9A4BCA}
	EndGlobalSection
EndGlobal
